
Microsoft Visual Studio Solution File, Format Version 12.00
# Visual Studio Version 16
VisualStudioVersion = 16.0.31410.357
MinimumVisualStudioVersion = 10.0.40219.1
Project("{FAE04EC0-301F-11D3-BF4B-00C04F79EFBC}") = "NasaImagesDemo", "NasaImagesDemo.csproj", "{C9FFF017-7439-439F-BD6A-6415F722B20A}"
EndProject
Global
	GlobalSection(SolutionConfigurationPlatforms) = preSolution
		Debug|Any CPU = Debug|Any CPU
		Release|Any CPU = Release|Any CPU
	EndGlobalSection
	GlobalSection(ProjectConfigurationPlatforms) = postSolution
		{C9FFF017-7439-439F-BD6A-6415F722B20A}.Debug|Any CPU.ActiveCfg = Debug|Any CPU
		{C9FFF017-7439-439F-BD6A-6415F722B20A}.Debug|Any CPU.Build.0 = Debug|Any CPU
		{C9FFF017-7439-439F-BD6A-6415F722B20A}.Release|Any CPU.ActiveCfg = Release|Any CPU
		{C9FFF017-7439-439F-BD6A-6415F722B20A}.Release|Any CPU.Build.0 = Release|Any CPU
	EndGlobalSection
	GlobalSection(SolutionProperties) = preSolution
		HideSolutionNode = FALSE
	EndGlobalSection
	GlobalSection(ExtensibilityGlobals) = postSolution
		SolutionGuid = {BDDFFC12-CF29-4372-97BB-7CA0353B053C}
	EndGlobalSection
EndGlobal
